
Microsoft Visual Studio Solution File, Format Version 12.00
Project("{FAE04EC0-301F-11D3-BF4B-00C04F79EFBC}") = "Neuron.Core", "Neuron.Core\Neuron.Core.csproj", "{D0AF5FB9-E962-4FDC-9AF6-A9DAA5868985}"
EndProject
Project("{2150E333-8FDC-42A3-9474-1A3956D46DE8}") = "Modules", "Modules", "{3F8DCA8D-6E0A-4F94-8642-D48907F61066}"
EndProject
Project("{FAE04EC0-301F-11D3-BF4B-00C04F79EFBC}") = "Neuron.Common", "Neuron.Common\Neuron.Common.csproj", "{78F26BA4-C4A2-4ED6-8B27-E9CE9425F3A6}"
EndProject
Project("{FAE04EC0-301F-11D3-BF4B-00C04F79EFBC}") = "Neuron.Core.Identity", "Neuron.Core.Identity\Neuron.Core.Identity.csproj", "{0326842C-267B-4C37-8472-6D41F55311EE}"
EndProject
Project("{FAE04EC0-301F-11D3-BF4B-00C04F79EFBC}") = "Neuron.Common.Components", "Neuron.Common.Components\Neuron.Common.Components.csproj", "{3C77926C-CE4E-45F2-AE2B-36070AE17BD1}"
EndProject
Project("{FAE04EC0-301F-11D3-BF4B-00C04F79EFBC}") = "Neuron.OpenId", "Neuron.OpenId\Neuron.OpenId.csproj", "{B493716C-6136-468D-85E8-89597504B2E6}"
EndProject
Project("{FAE04EC0-301F-11D3-BF4B-00C04F79EFBC}") = "Neuron.Core.OpenId", "Neuron.Core.OpenId\Neuron.Core.OpenId.csproj", "{82C75395-5F24-44A2-8288-5CB9FA766091}"
EndProject
Global
	GlobalSection(SolutionConfigurationPlatforms) = preSolution
		Debug|Any CPU = Debug|Any CPU
		Release|Any CPU = Release|Any CPU
	EndGlobalSection
	GlobalSection(ProjectConfigurationPlatforms) = postSolution
		{D0AF5FB9-E962-4FDC-9AF6-A9DAA5868985}.Debug|Any CPU.ActiveCfg = Debug|Any CPU
		{D0AF5FB9-E962-4FDC-9AF6-A9DAA5868985}.Debug|Any CPU.Build.0 = Debug|Any CPU
		{D0AF5FB9-E962-4FDC-9AF6-A9DAA5868985}.Release|Any CPU.ActiveCfg = Release|Any CPU
		{D0AF5FB9-E962-4FDC-9AF6-A9DAA5868985}.Release|Any CPU.Build.0 = Release|Any CPU
		{78F26BA4-C4A2-4ED6-8B27-E9CE9425F3A6}.Debug|Any CPU.ActiveCfg = Debug|Any CPU
		{78F26BA4-C4A2-4ED6-8B27-E9CE9425F3A6}.Debug|Any CPU.Build.0 = Debug|Any CPU
		{78F26BA4-C4A2-4ED6-8B27-E9CE9425F3A6}.Release|Any CPU.ActiveCfg = Release|Any CPU
		{78F26BA4-C4A2-4ED6-8B27-E9CE9425F3A6}.Release|Any CPU.Build.0 = Release|Any CPU
		{0326842C-267B-4C37-8472-6D41F55311EE}.Debug|Any CPU.ActiveCfg = Debug|Any CPU
		{0326842C-267B-4C37-8472-6D41F55311EE}.Debug|Any CPU.Build.0 = Debug|Any CPU
		{0326842C-267B-4C37-8472-6D41F55311EE}.Release|Any CPU.ActiveCfg = Release|Any CPU
		{0326842C-267B-4C37-8472-6D41F55311EE}.Release|Any CPU.Build.0 = Release|Any CPU
		{3C77926C-CE4E-45F2-AE2B-36070AE17BD1}.Debug|Any CPU.ActiveCfg = Debug|Any CPU
		{3C77926C-CE4E-45F2-AE2B-36070AE17BD1}.Debug|Any CPU.Build.0 = Debug|Any CPU
		{3C77926C-CE4E-45F2-AE2B-36070AE17BD1}.Release|Any CPU.ActiveCfg = Release|Any CPU
		{3C77926C-CE4E-45F2-AE2B-36070AE17BD1}.Release|Any CPU.Build.0 = Release|Any CPU
		{B493716C-6136-468D-85E8-89597504B2E6}.Debug|Any CPU.ActiveCfg = Debug|Any CPU
		{B493716C-6136-468D-85E8-89597504B2E6}.Debug|Any CPU.Build.0 = Debug|Any CPU
		{B493716C-6136-468D-85E8-89597504B2E6}.Release|Any CPU.ActiveCfg = Release|Any CPU
		{B493716C-6136-468D-85E8-89597504B2E6}.Release|Any CPU.Build.0 = Release|Any CPU
		{82C75395-5F24-44A2-8288-5CB9FA766091}.Debug|Any CPU.ActiveCfg = Debug|Any CPU
		{82C75395-5F24-44A2-8288-5CB9FA766091}.Debug|Any CPU.Build.0 = Debug|Any CPU
		{82C75395-5F24-44A2-8288-5CB9FA766091}.Release|Any CPU.ActiveCfg = Release|Any CPU
		{82C75395-5F24-44A2-8288-5CB9FA766091}.Release|Any CPU.Build.0 = Release|Any CPU
	EndGlobalSection
EndGlobal
